
Microsoft Visual Studio Solution File, Format Version 12.00
# Visual Studio Version 16
VisualStudioVersion = 16.0.33130.400
MinimumVisualStudioVersion = 10.0.40219.1
Project("{FAE04EC0-301F-11D3-BF4B-00C04F79EFBC}") = "NimapInfotechMVC", "NimapInfotechMVC\NimapInfotechMVC.csproj", "{9D354E20-AFC1-42CA-A31C-38077C5A2B02}"
EndProject
Global
	GlobalSection(SolutionConfigurationPlatforms) = preSolution
		Debug|Any CPU = Debug|Any CPU
		Release|Any CPU = Release|Any CPU
	EndGlobalSection
	GlobalSection(ProjectConfigurationPlatforms) = postSolution
		{9D354E20-AFC1-42CA-A31C-38077C5A2B02}.Debug|Any CPU.ActiveCfg = Debug|Any CPU
		{9D354E20-AFC1-42CA-A31C-38077C5A2B02}.Debug|Any CPU.Build.0 = Debug|Any CPU
		{9D354E20-AFC1-42CA-A31C-38077C5A2B02}.Release|Any CPU.ActiveCfg = Release|Any CPU
		{9D354E20-AFC1-42CA-A31C-38077C5A2B02}.Release|Any CPU.Build.0 = Release|Any CPU
	EndGlobalSection
	GlobalSection(SolutionProperties) = preSolution
		HideSolutionNode = FALSE
	EndGlobalSection
	GlobalSection(ExtensibilityGlobals) = postSolution
		SolutionGuid = {A4762C33-1B60-459A-8D11-EF1EF28B4ABB}
	EndGlobalSection
EndGlobal
